
Microsoft Visual Studio Solution File, Format Version 12.00
# Visual Studio Version 16
VisualStudioVersion = 16.0.31205.134
MinimumVisualStudioVersion = 10.0.40219.1
Project("{FAE04EC0-301F-11D3-BF4B-00C04F79EFBC}") = "tdd.infrastructure", "tdd.infrastructure\tdd.infrastructure.csproj", "{37EF30F2-79C9-4259-B697-7F661528C2CE}"
EndProject
Project("{FAE04EC0-301F-11D3-BF4B-00C04F79EFBC}") = "tdd.tests", "tdd.tests\tdd.tests.csproj", "{AF4F915D-2F62-463D-A395-78270D882524}"
EndProject
Global
	GlobalSection(SolutionConfigurationPlatforms) = preSolution
		Debug|Any CPU = Debug|Any CPU
		Release|Any CPU = Release|Any CPU
	EndGlobalSection
	GlobalSection(ProjectConfigurationPlatforms) = postSolution
		{37EF30F2-79C9-4259-B697-7F661528C2CE}.Debug|Any CPU.ActiveCfg = Debug|Any CPU
		{37EF30F2-79C9-4259-B697-7F661528C2CE}.Debug|Any CPU.Build.0 = Debug|Any CPU
		{37EF30F2-79C9-4259-B697-7F661528C2CE}.Release|Any CPU.ActiveCfg = Release|Any CPU
		{37EF30F2-79C9-4259-B697-7F661528C2CE}.Release|Any CPU.Build.0 = Release|Any CPU
		{AF4F915D-2F62-463D-A395-78270D882524}.Debug|Any CPU.ActiveCfg = Debug|Any CPU
		{AF4F915D-2F62-463D-A395-78270D882524}.Debug|Any CPU.Build.0 = Debug|Any CPU
		{AF4F915D-2F62-463D-A395-78270D882524}.Release|Any CPU.ActiveCfg = Release|Any CPU
		{AF4F915D-2F62-463D-A395-78270D882524}.Release|Any CPU.Build.0 = Release|Any CPU
	EndGlobalSection
	GlobalSection(SolutionProperties) = preSolution
		HideSolutionNode = FALSE
	EndGlobalSection
	GlobalSection(ExtensibilityGlobals) = postSolution
		SolutionGuid = {094224A2-0FB6-415A-A38A-60C54199622A}
	EndGlobalSection
EndGlobal
